// !$*UTF8*$!
{
	archiveVersion = 1;
	classes = {
	};
	objectVersion = 56;
	objects = {

/* Begin PBXBuildFile section */
		954CC9F82A71C99D009FC9C5 /* View+Extensions.swift in Sources */ = {isa = PBXBuildFile; fileRef = 954CC9F72A71C99D009FC9C5 /* View+Extensions.swift */; };
		954CC9FD2A71CA40009FC9C5 /* Constants.swift in Sources */ = {isa = PBXBuildFile; fileRef = 954CC9FC2A71CA40009FC9C5 /* Constants.swift */; };
		954CCA032A71D2F7009FC9C5 /* Store.swift in Sources */ = {isa = PBXBuildFile; fileRef = 954CCA022A71D2F7009FC9C5 /* Store.swift */; };
		954CCA052A71D35D009FC9C5 /* FirestoreManager.swift in Sources */ = {isa = PBXBuildFile; fileRef = 954CCA042A71D35D009FC9C5 /* FirestoreManager.swift */; };
		954CCA072A71DB11009FC9C5 /* AddStoreViewModel.swift in Sources */ = {isa = PBXBuildFile; fileRef = 954CCA062A71DB11009FC9C5 /* AddStoreViewModel.swift */; };
		958164EB2A7316BE003F3642 /* AddStoreView.swift in Sources */ = {isa = PBXBuildFile; fileRef = 958164EA2A7316BE003F3642 /* AddStoreView.swift */; };
		95DCA27D2A70B1BE0015BA7E /* FirebaseGroceriesApp.swift in Sources */ = {isa = PBXBuildFile; fileRef = 95DCA27C2A70B1BE0015BA7E /* FirebaseGroceriesApp.swift */; };
		95DCA27F2A70B1BE0015BA7E /* ContentView.swift in Sources */ = {isa = PBXBuildFile; fileRef = 95DCA27E2A70B1BE0015BA7E /* ContentView.swift */; };
		95DCA2812A70B1C10015BA7E /* Assets.xcassets in Resources */ = {isa = PBXBuildFile; fileRef = 95DCA2802A70B1C10015BA7E /* Assets.xcassets */; };
		95DCA2842A70B1C10015BA7E /* Preview Assets.xcassets in Resources */ = {isa = PBXBuildFile; fileRef = 95DCA2832A70B1C10015BA7E /* Preview Assets.xcassets */; };
		95DCA28B2A70B2C30015BA7E /* GoogleService-Info.plist in Resources */ = {isa = PBXBuildFile; fileRef = 95DCA28A2A70B2C30015BA7E /* GoogleService-Info.plist */; };
		95DCA28E2A70B4270015BA7E /* FirebaseFirestore in Frameworks */ = {isa = PBXBuildFile; productRef = 95DCA28D2A70B4270015BA7E /* FirebaseFirestore */; };
		95DCA2902A70B4270015BA7E /* FirebaseFirestoreSwift in Frameworks */ = {isa = PBXBuildFile; productRef = 95DCA28F2A70B4270015BA7E /* FirebaseFirestoreSwift */; };
		95DCA2922A70B4270015BA7E /* FirebaseStorage in Frameworks */ = {isa = PBXBuildFile; productRef = 95DCA2912A70B4270015BA7E /* FirebaseStorage */; };
/* End PBXBuildFile section */

/* Begin PBXFileReference section */
		954CC9F72A71C99D009FC9C5 /* View+Extensions.swift */ = {isa = PBXFileReference; lastKnownFileType = sourcecode.swift; path = "View+Extensions.swift"; sourceTree = "<group>"; };
		954CC9FC2A71CA40009FC9C5 /* Constants.swift */ = {isa = PBXFileReference; lastKnownFileType = sourcecode.swift; path = Constants.swift; sourceTree = "<group>"; };
		954CCA022A71D2F7009FC9C5 /* Store.swift */ = {isa = PBXFileReference; lastKnownFileType = sourcecode.swift; path = Store.swift; sourceTree = "<group>"; };
		954CCA042A71D35D009FC9C5 /* FirestoreManager.swift */ = {isa = PBXFileReference; lastKnownFileType = sourcecode.swift; path = FirestoreManager.swift; sourceTree = "<group>"; };
		954CCA062A71DB11009FC9C5 /* AddStoreViewModel.swift */ = {isa = PBXFileReference; lastKnownFileType = sourcecode.swift; path = AddStoreViewModel.swift; sourceTree = "<group>"; };
		958164EA2A7316BE003F3642 /* AddStoreView.swift */ = {isa = PBXFileReference; lastKnownFileType = sourcecode.swift; path = AddStoreView.swift; sourceTree = "<group>"; };
		95DCA2792A70B1BE0015BA7E /* FirebaseGroceries.app */ = {isa = PBXFileReference; explicitFileType = wrapper.application; includeInIndex = 0; path = FirebaseGroceries.app; sourceTree = BUILT_PRODUCTS_DIR; };
		95DCA27C2A70B1BE0015BA7E /* FirebaseGroceriesApp.swift */ = {isa = PBXFileReference; lastKnownFileType = sourcecode.swift; path = FirebaseGroceriesApp.swift; sourceTree = "<group>"; };
		95DCA27E2A70B1BE0015BA7E /* ContentView.swift */ = {isa = PBXFileReference; lastKnownFileType = sourcecode.swift; path = ContentView.swift; sourceTree = "<group>"; };
		95DCA2802A70B1C10015BA7E /* Assets.xcassets */ = {isa = PBXFileReference; lastKnownFileType = folder.assetcatalog; path = Assets.xcassets; sourceTree = "<group>"; };
		95DCA2832A70B1C10015BA7E /* Preview Assets.xcassets */ = {isa = PBXFileReference; lastKnownFileType = folder.assetcatalog; path = "Preview Assets.xcassets"; sourceTree = "<group>"; };
		95DCA28A2A70B2C30015BA7E /* GoogleService-Info.plist */ = {isa = PBXFileReference; fileEncoding = 4; lastKnownFileType = text.plist.xml; path = "GoogleService-Info.plist"; sourceTree = "<group>"; };
/* End PBXFileReference section */

/* Begin PBXFrameworksBuildPhase section */
		95DCA2762A70B1BE0015BA7E /* Frameworks */ = {
			isa = PBXFrameworksBuildPhase;
			buildActionMask = 2147483647;
			files = (
				95DCA28E2A70B4270015BA7E /* FirebaseFirestore in Frameworks */,
				95DCA2902A70B4270015BA7E /* FirebaseFirestoreSwift in Frameworks */,
				95DCA2922A70B4270015BA7E /* FirebaseStorage in Frameworks */,
			);
			runOnlyForDeploymentPostprocessing = 0;
		};
/* End PBXFrameworksBuildPhase section */

/* Begin PBXGroup section */
		954CC9F62A71C977009FC9C5 /* Extensions */ = {
			isa = PBXGroup;
			children = (
				954CC9F72A71C99D009FC9C5 /* View+Extensions.swift */,
			);
			path = Extensions;
			sourceTree = "<group>";
		};
		954CC9F92A71C9F3009FC9C5 /* Managers */ = {
			isa = PBXGroup;
			children = (
				954CCA042A71D35D009FC9C5 /* FirestoreManager.swift */,
			);
			path = Managers;
			sourceTree = "<group>";
		};
		954CC9FA2A71CA10009FC9C5 /* Models */ = {
			isa = PBXGroup;
			children = (
				954CCA022A71D2F7009FC9C5 /* Store.swift */,
			);
			path = Models;
			sourceTree = "<group>";
		};
		954CC9FB2A71CA2A009FC9C5 /* Utils */ = {
			isa = PBXGroup;
			children = (
				954CC9FC2A71CA40009FC9C5 /* Constants.swift */,
			);
			path = Utils;
			sourceTree = "<group>";
		};
		954CCA002A71CA8C009FC9C5 /* ViewModels */ = {
			isa = PBXGroup;
			children = (
				954CCA062A71DB11009FC9C5 /* AddStoreViewModel.swift */,
			);
			path = ViewModels;
			sourceTree = "<group>";
		};
		954CCA012A71CAA3009FC9C5 /* Views */ = {
			isa = PBXGroup;
			children = (
				958164EA2A7316BE003F3642 /* AddStoreView.swift */,
			);
			path = Views;
			sourceTree = "<group>";
		};
		95DCA2702A70B1BD0015BA7E = {
			isa = PBXGroup;
			children = (
				95DCA27B2A70B1BE0015BA7E /* FirebaseGroceries */,
				95DCA27A2A70B1BE0015BA7E /* Products */,
			);
			sourceTree = "<group>";
		};
		95DCA27A2A70B1BE0015BA7E /* Products */ = {
			isa = PBXGroup;
			children = (
				95DCA2792A70B1BE0015BA7E /* FirebaseGroceries.app */,
			);
			name = Products;
			sourceTree = "<group>";
		};
		95DCA27B2A70B1BE0015BA7E /* FirebaseGroceries */ = {
			isa = PBXGroup;
			children = (
				95DCA27C2A70B1BE0015BA7E /* FirebaseGroceriesApp.swift */,
				95DCA27E2A70B1BE0015BA7E /* ContentView.swift */,
				954CCA012A71CAA3009FC9C5 /* Views */,
				954CCA002A71CA8C009FC9C5 /* ViewModels */,
				954CC9FB2A71CA2A009FC9C5 /* Utils */,
				954CC9FA2A71CA10009FC9C5 /* Models */,
				954CC9F92A71C9F3009FC9C5 /* Managers */,
				954CC9F62A71C977009FC9C5 /* Extensions */,
				95DCA28A2A70B2C30015BA7E /* GoogleService-Info.plist */,
				95DCA2802A70B1C10015BA7E /* Assets.xcassets */,
				95DCA2822A70B1C10015BA7E /* Preview Content */,
			);
			path = FirebaseGroceries;
			sourceTree = "<group>";
		};
		95DCA2822A70B1C10015BA7E /* Preview Content */ = {
			isa = PBXGroup;
			children = (
				95DCA2832A70B1C10015BA7E /* Preview Assets.xcassets */,
			);
			path = "Preview Content";
			sourceTree = "<group>";
		};
/* End PBXGroup section */

/* Begin PBXNativeTarget section */
		95DCA2782A70B1BE0015BA7E /* FirebaseGroceries */ = {
			isa = PBXNativeTarget;
			buildConfigurationList = 95DCA2872A70B1C10015BA7E /* Build configuration list for PBXNativeTarget "FirebaseGroceries" */;
			buildPhases = (
				95DCA2752A70B1BE0015BA7E /* Sources */,
				95DCA2762A70B1BE0015BA7E /* Frameworks */,
				95DCA2772A70B1BE0015BA7E /* Resources */,
			);
			buildRules = (
			);
			dependencies = (
			);
			name = FirebaseGroceries;
			packageProductDependencies = (
				95DCA28D2A70B4270015BA7E /* FirebaseFirestore */,
				95DCA28F2A70B4270015BA7E /* FirebaseFirestoreSwift */,
				95DCA2912A70B4270015BA7E /* FirebaseStorage */,
			);
			productName = FirebaseGroceries;
			productReference = 95DCA2792A70B1BE0015BA7E /* FirebaseGroceries.app */;
			productType = "com.apple.product-type.application";
		};
/* End PBXNativeTarget section */

/* Begin PBXProject section */
		95DCA2712A70B1BD0015BA7E /* Project object */ = {
			isa = PBXProject;
			attributes = {
				BuildIndependentTargetsInParallel = 1;
				LastSwiftUpdateCheck = 1430;
				LastUpgradeCheck = 1430;
				TargetAttributes = {
					95DCA2782A70B1BE0015BA7E = {
						CreatedOnToolsVersion = 14.3;
					};
				};
			};
			buildConfigurationList = 95DCA2742A70B1BD0015BA7E /* Build configuration list for PBXProject "FirebaseGroceries" */;
			compatibilityVersion = "Xcode 14.0";
			developmentRegion = en;
			hasScannedForEncodings = 0;
			knownRegions = (
				en,
				Base,
			);
			mainGroup = 95DCA2702A70B1BD0015BA7E;
			packageReferences = (
				95DCA28C2A70B4270015BA7E /* XCRemoteSwiftPackageReference "firebase-ios-sdk" */,
			);
			productRefGroup = 95DCA27A2A70B1BE0015BA7E /* Products */;
			projectDirPath = "";
			projectRoot = "";
			targets = (
				95DCA2782A70B1BE0015BA7E /* FirebaseGroceries */,
			);
		};
/* End PBXProject section */

/* Begin PBXResourcesBuildPhase section */
		95DCA2772A70B1BE0015BA7E /* Resources */ = {
			isa = PBXResourcesBuildPhase;
			buildActionMask = 2147483647;
			files = (
				95DCA2842A70B1C10015BA7E /* Preview Assets.xcassets in Resources */,
				95DCA2812A70B1C10015BA7E /* Assets.xcassets in Resources */,
				95DCA28B2A70B2C30015BA7E /* GoogleService-Info.plist in Resources */,
			);
			runOnlyForDeploymentPostprocessing = 0;
		};
/* End PBXResourcesBuildPhase section */

/* Begin PBXSourcesBuildPhase section */
		95DCA2752A70B1BE0015BA7E /* Sources */ = {
			isa = PBXSourcesBuildPhase;
			buildActionMask = 2147483647;
			files = (
				954CCA032A71D2F7009FC9C5 /* Store.swift in Sources */,
				954CCA052A71D35D009FC9C5 /* FirestoreManager.swift in Sources */,
				954CCA072A71DB11009FC9C5 /* AddStoreViewModel.swift in Sources */,
				95DCA27F2A70B1BE0015BA7E /* ContentView.swift in Sources */,
				954CC9F82A71C99D009FC9C5 /* View+Extensions.swift in Sources */,
				95DCA27D2A70B1BE0015BA7E /* FirebaseGroceriesApp.swift in Sources */,
				958164EB2A7316BE003F3642 /* AddStoreView.swift in Sources */,
				954CC9FD2A71CA40009FC9C5 /* Constants.swift in Sources */,
			);
			runOnlyForDeploymentPostprocessing = 0;
		};
/* End PBXSourcesBuildPhase section */

/* Begin XCBuildConfiguration section */
		95DCA2852A70B1C10015BA7E /* Debug */ = {
			isa = XCBuildConfiguration;
			buildSettings = {
				ALWAYS_SEARCH_USER_PATHS = NO;
				CLANG_ANALYZER_NONNULL = YES;
				CLANG_ANALYZER_NUMBER_OBJECT_CONVERSION = YES_AGGRESSIVE;
				CLANG_CXX_LANGUAGE_STANDARD = "gnu++20";
				CLANG_ENABLE_MODULES = YES;
				CLANG_ENABLE_OBJC_ARC = YES;
				CLANG_ENABLE_OBJC_WEAK = YES;
				CLANG_WARN_BLOCK_CAPTURE_AUTORELEASING = YES;
				CLANG_WARN_BOOL_CONVERSION = YES;
				CLANG_WARN_COMMA = YES;
				CLANG_WARN_CONSTANT_CONVERSION = YES;
				CLANG_WARN_DEPRECATED_OBJC_IMPLEMENTATIONS = YES;
				CLANG_WARN_DIRECT_OBJC_ISA_USAGE = YES_ERROR;
				CLANG_WARN_DOCUMENTATION_COMMENTS = YES;
				CLANG_WARN_EMPTY_BODY = YES;
				CLANG_WARN_ENUM_CONVERSION = YES;
				CLANG_WARN_INFINITE_RECURSION = YES;
				CLANG_WARN_INT_CONVERSION = YES;
				CLANG_WARN_NON_LITERAL_NULL_CONVERSION = YES;
				CLANG_WARN_OBJC_IMPLICIT_RETAIN_SELF = YES;
				CLANG_WARN_OBJC_LITERAL_CONVERSION = YES;
				CLANG_WARN_OBJC_ROOT_CLASS = YES_ERROR;
				CLANG_WARN_QUOTED_INCLUDE_IN_FRAMEWORK_HEADER = YES;
				CLANG_WARN_RANGE_LOOP_ANALYSIS = YES;
				CLANG_WARN_STRICT_PROTOTYPES = YES;
				CLANG_WARN_SUSPICIOUS_MOVE = YES;
				CLANG_WARN_UNGUARDED_AVAILABILITY = YES_AGGRESSIVE;
				CLANG_WARN_UNREACHABLE_CODE = YES;
				CLANG_WARN__DUPLICATE_METHOD_MATCH = YES;
				COPY_PHASE_STRIP = NO;
				DEBUG_INFORMATION_FORMAT = dwarf;
				ENABLE_STRICT_OBJC_MSGSEND = YES;
				ENABLE_TESTABILITY = YES;
				GCC_C_LANGUAGE_STANDARD = gnu11;
				GCC_DYNAMIC_NO_PIC = NO;
				GCC_NO_COMMON_BLOCKS = YES;
				GCC_OPTIMIZATION_LEVEL = 0;
				GCC_PREPROCESSOR_DEFINITIONS = (
					"DEBUG=1",
					"$(inherited)",
				);
				GCC_WARN_64_TO_32_BIT_CONVERSION = YES;
				GCC_WARN_ABOUT_RETURN_TYPE = YES_ERROR;
				GCC_WARN_UNDECLARED_SELECTOR = YES;
				GCC_WARN_UNINITIALIZED_AUTOS = YES_AGGRESSIVE;
				GCC_WARN_UNUSED_FUNCTION = YES;
				GCC_WARN_UNUSED_VARIABLE = YES;
				IPHONEOS_DEPLOYMENT_TARGET = 16.4;
				MTL_ENABLE_DEBUG_INFO = INCLUDE_SOURCE;
				MTL_FAST_MATH = YES;
				ONLY_ACTIVE_ARCH = YES;
				SDKROOT = iphoneos;
				SWIFT_ACTIVE_COMPILATION_CONDITIONS = DEBUG;
				SWIFT_OPTIMIZATION_LEVEL = "-Onone";
			};
			name = Debug;
		};
		95DCA2862A70B1C10015BA7E /* Release */ = {
			isa = XCBuildConfiguration;
			buildSettings = {
				ALWAYS_SEARCH_USER_PATHS = NO;
				CLANG_ANALYZER_NONNULL = YES;
				CLANG_ANALYZER_NUMBER_OBJECT_CONVERSION = YES_AGGRESSIVE;
				CLANG_CXX_LANGUAGE_STANDARD = "gnu++20";
				CLANG_ENABLE_MODULES = YES;
				CLANG_ENABLE_OBJC_ARC = YES;
				CLANG_ENABLE_OBJC_WEAK = YES;
				CLANG_WARN_BLOCK_CAPTURE_AUTORELEASING = YES;
				CLANG_WARN_BOOL_CONVERSION = YES;
				CLANG_WARN_COMMA = YES;
				CLANG_WARN_CONSTANT_CONVERSION = YES;
				CLANG_WARN_DEPRECATED_OBJC_IMPLEMENTATIONS = YES;
				CLANG_WARN_DIRECT_OBJC_ISA_USAGE = YES_ERROR;
				CLANG_WARN_DOCUMENTATION_COMMENTS = YES;
				CLANG_WARN_EMPTY_BODY = YES;
				CLANG_WARN_ENUM_CONVERSION = YES;
				CLANG_WARN_INFINITE_RECURSION = YES;
				CLANG_WARN_INT_CONVERSION = YES;
				CLANG_WARN_NON_LITERAL_NULL_CONVERSION = YES;
				CLANG_WARN_OBJC_IMPLICIT_RETAIN_SELF = YES;
				CLANG_WARN_OBJC_LITERAL_CONVERSION = YES;
				CLANG_WARN_OBJC_ROOT_CLASS = YES_ERROR;
				CLANG_WARN_QUOTED_INCLUDE_IN_FRAMEWORK_HEADER = YES;
				CLANG_WARN_RANGE_LOOP_ANALYSIS = YES;
				CLANG_WARN_STRICT_PROTOTYPES = YES;
				CLANG_WARN_SUSPICIOUS_MOVE = YES;
				CLANG_WARN_UNGUARDED_AVAILABILITY = YES_AGGRESSIVE;
				CLANG_WARN_UNREACHABLE_CODE = YES;
				CLANG_WARN__DUPLICATE_METHOD_MATCH = YES;
				COPY_PHASE_STRIP = NO;
				DEBUG_INFORMATION_FORMAT = "dwarf-with-dsym";
				ENABLE_NS_ASSERTIONS = NO;
				ENABLE_STRICT_OBJC_MSGSEND = YES;
				GCC_C_LANGUAGE_STANDARD = gnu11;
				GCC_NO_COMMON_BLOCKS = YES;
				GCC_WARN_64_TO_32_BIT_CONVERSION = YES;
				GCC_WARN_ABOUT_RETURN_TYPE = YES_ERROR;
				GCC_WARN_UNDECLARED_SELECTOR = YES;
				GCC_WARN_UNINITIALIZED_AUTOS = YES_AGGRESSIVE;
				GCC_WARN_UNUSED_FUNCTION = YES;
				GCC_WARN_UNUSED_VARIABLE = YES;
				IPHONEOS_DEPLOYMENT_TARGET = 16.4;
				MTL_ENABLE_DEBUG_INFO = NO;
				MTL_FAST_MATH = YES;
				SDKROOT = iphoneos;
				SWIFT_COMPILATION_MODE = wholemodule;
				SWIFT_OPTIMIZATION_LEVEL = "-O";
				VALIDATE_PRODUCT = YES;
			};
			name = Release;
		};
		95DCA2882A70B1C10015BA7E /* Debug */ = {
			isa = XCBuildConfiguration;
			buildSettings = {
				ASSETCATALOG_COMPILER_APPICON_NAME = AppIcon;
				ASSETCATALOG_COMPILER_GLOBAL_ACCENT_COLOR_NAME = AccentColor;
				CODE_SIGN_STYLE = Automatic;
				CURRENT_PROJECT_VERSION = 1;
				DEVELOPMENT_ASSET_PATHS = "\"FirebaseGroceries/Preview Content\"";
				DEVELOPMENT_TEAM = 22956446LQ;
				ENABLE_PREVIEWS = YES;
				GENERATE_INFOPLIST_FILE = YES;
				INFOPLIST_KEY_UIApplicationSceneManifest_Generation = YES;
				INFOPLIST_KEY_UIApplicationSupportsIndirectInputEvents = YES;
				INFOPLIST_KEY_UILaunchScreen_Generation = YES;
				INFOPLIST_KEY_UISupportedInterfaceOrientations = UIInterfaceOrientationPortrait;
				INFOPLIST_KEY_UISupportedInterfaceOrientations_iPad = "UIInterfaceOrientationLandscapeLeft UIInterfaceOrientationLandscapeRight UIInterfaceOrientationPortrait UIInterfaceOrientationPortraitUpsideDown";
				LD_RUNPATH_SEARCH_PATHS = (
					"$(inherited)",
					"@executable_path/Frameworks",
				);
				MARKETING_VERSION = 1.0;
				PRODUCT_BUNDLE_IDENTIFIER = com.appuniversity.org.FirebaseGroceries;
				PRODUCT_NAME = "$(TARGET_NAME)";
				SUPPORTED_PLATFORMS = "iphoneos iphonesimulator";
				SUPPORTS_MACCATALYST = NO;
				SUPPORTS_MAC_DESIGNED_FOR_IPHONE_IPAD = NO;
				SWIFT_EMIT_LOC_STRINGS = YES;
				SWIFT_VERSION = 5.0;
				TARGETED_DEVICE_FAMILY = 1;
			};
			name = Debug;
		};
		95DCA2892A70B1C10015BA7E /* Release */ = {
			isa = XCBuildConfiguration;
			buildSettings = {
				ASSETCATALOG_COMPILER_APPICON_NAME = AppIcon;
				ASSETCATALOG_COMPILER_GLOBAL_ACCENT_COLOR_NAME = AccentColor;
				CODE_SIGN_STYLE = Automatic;
				CURRENT_PROJECT_VERSION = 1;
				DEVELOPMENT_ASSET_PATHS = "\"FirebaseGroceries/Preview Content\"";
				DEVELOPMENT_TEAM = 22956446LQ;
				ENABLE_PREVIEWS = YES;
				GENERATE_INFOPLIST_FILE = YES;
				INFOPLIST_KEY_UIApplicationSceneManifest_Generation = YES;
				INFOPLIST_KEY_UIApplicationSupportsIndirectInputEvents = YES;
				INFOPLIST_KEY_UILaunchScreen_Generation = YES;
				INFOPLIST_KEY_UISupportedInterfaceOrientations = UIInterfaceOrientationPortrait;
				INFOPLIST_KEY_UISupportedInterfaceOrientations_iPad = "UIInterfaceOrientationLandscapeLeft UIInterfaceOrientationLandscapeRight UIInterfaceOrientationPortrait UIInterfaceOrientationPortraitUpsideDown";
				LD_RUNPATH_SEARCH_PATHS = (
					"$(inherited)",
					"@executable_path/Frameworks",
				);
				MARKETING_VERSION = 1.0;
				PRODUCT_BUNDLE_IDENTIFIER = com.appuniversity.org.FirebaseGroceries;
				PRODUCT_NAME = "$(TARGET_NAME)";
				SUPPORTED_PLATFORMS = "iphoneos iphonesimulator";
				SUPPORTS_MACCATALYST = NO;
				SUPPORTS_MAC_DESIGNED_FOR_IPHONE_IPAD = NO;
				SWIFT_EMIT_LOC_STRINGS = YES;
				SWIFT_VERSION = 5.0;
				TARGETED_DEVICE_FAMILY = 1;
			};
			name = Release;
		};
/* End XCBuildConfiguration section */

/* Begin XCConfigurationList section */
		95DCA2742A70B1BD0015BA7E /* Build configuration list for PBXProject "FirebaseGroceries" */ = {
			isa = XCConfigurationList;
			buildConfigurations = (
				95DCA2852A70B1C10015BA7E /* Debug */,
				95DCA2862A70B1C10015BA7E /* Release */,
			);
			defaultConfigurationIsVisible = 0;
			defaultConfigurationName = Release;
		};
		95DCA2872A70B1C10015BA7E /* Build configuration list for PBXNativeTarget "FirebaseGroceries" */ = {
			isa = XCConfigurationList;
			buildConfigurations = (
				95DCA2882A70B1C10015BA7E /* Debug */,
				95DCA2892A70B1C10015BA7E /* Release */,
			);
			defaultConfigurationIsVisible = 0;
			defaultConfigurationName = Release;
		};
/* End XCConfigurationList section */

/* Begin XCRemoteSwiftPackageReference section */
		95DCA28C2A70B4270015BA7E /* XCRemoteSwiftPackageReference "firebase-ios-sdk" */ = {
			isa = XCRemoteSwiftPackageReference;
			repositoryURL = "https://github.com/firebase/firebase-ios-sdk";
			requirement = {
				kind = upToNextMajorVersion;
				minimumVersion = 10.0.0;
			};
		};
/* End XCRemoteSwiftPackageReference section */

/* Begin XCSwiftPackageProductDependency section */
		95DCA28D2A70B4270015BA7E /* FirebaseFirestore */ = {
			isa = XCSwiftPackageProductDependency;
			package = 95DCA28C2A70B4270015BA7E /* XCRemoteSwiftPackageReference "firebase-ios-sdk" */;
			productName = FirebaseFirestore;
		};
		95DCA28F2A70B4270015BA7E /* FirebaseFirestoreSwift */ = {
			isa = XCSwiftPackageProductDependency;
			package = 95DCA28C2A70B4270015BA7E /* XCRemoteSwiftPackageReference "firebase-ios-sdk" */;
			productName = FirebaseFirestoreSwift;
		};
		95DCA2912A70B4270015BA7E /* FirebaseStorage */ = {
			isa = XCSwiftPackageProductDependency;
			package = 95DCA28C2A70B4270015BA7E /* XCRemoteSwiftPackageReference "firebase-ios-sdk" */;
			productName = FirebaseStorage;
		};
/* End XCSwiftPackageProductDependency section */
	};
	rootObject = 95DCA2712A70B1BD0015BA7E /* Project object */;
}
